{
  "name": "lab-intake",
  "version": "1.4.2",
  "lockfileVersion": 3,
  "requires": true,
  "packages": {
    "": {
      "name": "lab-intake",
      "version": "1.4.2",
      "license": "UNLICENSED",
      "dependencies": {
        "express": "4.21.2",
        "nodemailer": "6.9.16",
        "pdf-stamp": "file:third_party/pdf-stamp",
        "pg": "8.13.1"
      },
      "devDependencies": {
        "eslint": "9.17.0"
      }
    },
    "node_modules/eslint": {
      "version": "9.17.0",
      "resolved": "https://registry.npmjs.org/eslint/-/eslint-9.17.0.tgz",
      "dev": true,
      "license": "MIT"
    },
    "node_modules/express": {
      "version": "4.21.2",
      "resolved": "https://registry.npmjs.org/express/-/express-4.21.2.tgz",
      "license": "MIT"
    },
    "node_modules/nodemailer": {
      "version": "6.9.16",
      "resolved": "https://registry.npmjs.org/nodemailer/-/nodemailer-6.9.16.tgz",
      "license": "MIT-0"
    },
    "node_modules/pdf-stamp": {
      "resolved": "third_party/pdf-stamp",
      "link": true
    },
    "node_modules/pg": {
      "version": "8.13.1",
      "resolved": "https://registry.npmjs.org/pg/-/pg-8.13.1.tgz",
      "license": "MIT"
    },
    "third_party/pdf-stamp": {
      "version": "0.3.1"
    }
  }
}
