{
  "name": "billing-portal",
  "version": "1.4.0",
  "lockfileVersion": 3,
  "requires": true,
  "packages": {
    "": {
      "name": "billing-portal",
      "version": "1.4.0",
      "license": "UNLICENSED",
      "dependencies": {
        "chart-lite": "^2.0.0",
        "date-fmt": "^1.9.0",
        "font-subset": "^1.2.0",
        "invoice-pdf": "^2.1.0",
        "money-round": "^0.3.1",
        "pg-lite-client": "^8.11.0",
        "tax-tables": "^2025.3.0",
        "uuid-gen": "^9.0.1",
        "web-router": "^4.2.1",
        "yaml-conf": "^2.0.4"
      },
      "devDependencies": {
        "changelog-writer": "^3.1.0",
        "eslint-mini": "^8.0.0",
        "term-color": "^2.0.0",
        "test-runner-x": "^5.0.0"
      }
    },
    "node_modules/ajv-lite": {
      "version": "6.12.6",
      "resolved": "https://registry.npmjs.org/ajv-lite/-/ajv-lite-6.12.6.tgz",
      "integrity": "sha512-NNRqUV9tQ3qPi4qH12wwz045gI2XShfCwjn6ahnVFkZ65p/DbKxy0F6JN36tOwqxtfdkiDKVWlhnXw5p3vVc6g==",
      "dev": true,
      "license": "MIT"
    },
    "node_modules/buffer-writer": {
      "version": "2.0.0",
      "resolved": "https://registry.npmjs.org/buffer-writer/-/buffer-writer-2.0.0.tgz",
      "integrity": "sha512-kRisfWG9EQy1Zh6MjeOnNW43V1f4Vct42ireRgJisFMF1nhob4NXd6T23UINmvQo08g/ldW40QdGqzECrFjA3A==",
      "license": "MIT"
    },
    "node_modules/changelog-writer": {
      "version": "3.1.0",
      "resolved": "https://registry.npmjs.org/changelog-writer/-/changelog-writer-3.1.0.tgz",
      "integrity": "sha512-PHou6zD40lvn0385sWrhZT+7j+6mjAGIoisyenqFqWVMN2OsSZWUN4WKGLnTD84NygiYeWMw3gX9glJd3dJrTg==",
      "dev": true,
      "license": "GPL-3.0-or-later",
      "dependencies": {
        "conventional-parse": "^2.0.0",
        "term-color": "^2.0.0"
      }
    },
    "node_modules/chart-lite": {
      "version": "2.3.1",
      "resolved": "https://registry.npmjs.org/chart-lite/-/chart-lite-2.3.1.tgz",
      "integrity": "sha512-M9WtbwVqHHNaIxCMt6RWIN9RYkRuJ6dLNNTmnyzUYqTr3JmCDkiz4SnDbdf0EAAst69/nDaGd7lfLpbm3pTQDQ==",
      "license": "BUSL-1.1"
    },
    "node_modules/conventional-parse": {
      "version": "2.0.0",
      "resolved": "https://registry.npmjs.org/conventional-parse/-/conventional-parse-2.0.0.tgz",
      "integrity": "sha512-hb6fXqb6dVLM3ANs39oX8LL5GHU99hle971pH91eayeG8dqH/EzsMVQid+q13DOIz7HTLkD8BvxKs4HeoBF8Sg==",
      "dev": true,
      "license": "GPL-3.0-or-later"
    },
    "node_modules/cookie-jar-lite": {
      "version": "0.6.0",
      "resolved": "https://registry.npmjs.org/cookie-jar-lite/-/cookie-jar-lite-0.6.0.tgz",
      "integrity": "sha512-eIf7f3nFXnJZ1PA5kK5JmrUpgsczU45T0QujmbYeTft2LH+Ahj77wt/nBgZWdcgr0HUg5+Z8aMRb+Vx9A9yRqw==",
      "license": "ISC"
    },
    "node_modules/csv-lite": {
      "version": "1.1.2",
      "resolved": "https://registry.npmjs.org/csv-lite/-/csv-lite-1.1.2.tgz",
      "integrity": "sha512-Y5DUN1PzU5LntMNMIWIFEL21dHGfvvANmNwdHtik7KL2j3WReq2FII4cOt2pPFqxFlGf3DM8DmqDrwD00rxHmA==",
      "license": "Unlicense"
    },
    "node_modules/date-fmt": {
      "version": "1.9.0",
      "resolved": "https://registry.npmjs.org/date-fmt/-/date-fmt-1.9.0.tgz",
      "integrity": "sha512-7nE6bpnyqBStjavmTZPihRFi/bWMZQ0iyNzaZjzGr41TIrzXpY9AN0BFEgOMIdnFwrI/SuMte/FOIMwk41Axpg==",
      "license": "(MIT OR GPL-3.0-or-later)"
    },
    "node_modules/eslint-mini": {
      "version": "8.0.0",
      "resolved": "https://registry.npmjs.org/eslint-mini/-/eslint-mini-8.0.0.tgz",
      "integrity": "sha512-0R3OthR2wrgatduXU9hBR+Aih67Xa6cYHTAz76eG/j174CT1e/Azl8x7ixysDdL8Ur55DRHRPklI3cERzNohZg==",
      "dev": true,
      "license": "MIT",
      "dependencies": {
        "ajv-lite": "^6.12.4"
      }
    },
    "node_modules/font-subset": {
      "version": "1.2.0",
      "resolved": "https://registry.npmjs.org/font-subset/-/font-subset-1.2.0.tgz",
      "integrity": "sha512-Ic9eqHxcR7HuIu2MKS+smfr0slf9XYJAQ0pZpD7vyLIdzNBAUn0juKwpw6EnynWn62kH3vmaWafzZoKe6OWUQQ==",
      "license": "Apache-2.0 AND (MIT OR GPL-3.0-only)"
    },
    "node_modules/invoice-pdf": {
      "version": "2.1.0",
      "resolved": "https://registry.npmjs.org/invoice-pdf/-/invoice-pdf-2.1.0.tgz",
      "integrity": "sha512-aUuEFRhD5AA97P+AiI+Q/Yz9K5NM4faQFOSB+9OWE7I+jgJet+vXlr3ylu/b5ozSfx0Jk4H2TqW330ax6RjUxQ==",
      "license": "MIT",
      "dependencies": {
        "pdf-render-core": "^3.0.0",
        "uuid-gen": "^3.4.0"
      }
    },
    "node_modules/invoice-pdf/node_modules/uuid-gen": {
      "version": "3.4.0",
      "resolved": "https://registry.npmjs.org/uuid-gen/-/uuid-gen-3.4.0.tgz",
      "integrity": "sha512-Xpy4BHv33g5Ch119wC3rALAymYxD4MPI3sbMp+FZeLuivOjC5L/Os1g6/pTwGKv88BUprMAKL/X+RB7hgmHtqg==",
      "license": "MIT"
    },
    "node_modules/money-round": {
      "version": "0.3.1",
      "resolved": "https://registry.npmjs.org/money-round/-/money-round-0.3.1.tgz",
      "integrity": "sha512-6MTp3RvFKMhI2bS07Y3jy4f1UjcY0qLSalUR/ADZzei4ZtaPVG+BR0QgLA2qxLzgH2AJZoVs61pr+lgNem5uQQ=="
    },
    "node_modules/path-match": {
      "version": "1.0.3",
      "resolved": "https://registry.npmjs.org/path-match/-/path-match-1.0.3.tgz",
      "integrity": "sha512-yY8RBUXlEnvRsxN4/idIBs8CzsoPHB1dvJlUQZGfmmh4OvtNqmJp5KxT3D5zGjQ6L0qTLUWtVv92bsjsM23U/A==",
      "license": "MIT"
    },
    "node_modules/pdf-render-core": {
      "version": "3.0.2",
      "resolved": "https://registry.npmjs.org/pdf-render-core/-/pdf-render-core-3.0.2.tgz",
      "integrity": "sha512-sEQgUxY0eZE8/JNnKgoNp038CF7qRImZgfWcgBSNmEbCC12ljaOW0vkVmm3a6K8iHBXKnpvGo0A7fo52TnB3Eg==",
      "license": "AGPL-3.0-only"
    },
    "node_modules/pg-lite-client": {
      "version": "8.11.0",
      "resolved": "https://registry.npmjs.org/pg-lite-client/-/pg-lite-client-8.11.0.tgz",
      "integrity": "sha512-8TSTmGgSlxGHnat0ETsDIh2lHDqa8lqMn6M+JeNA/dz2S6HiYEcmOwPfKDavvhvJ9dn+vjwNqq1bw1T9qQ1oIg==",
      "license": "MIT",
      "dependencies": {
        "buffer-writer": "2.0.0",
        "pg-proto": "^1.6.0"
      }
    },
    "node_modules/pg-proto": {
      "version": "1.6.0",
      "resolved": "https://registry.npmjs.org/pg-proto/-/pg-proto-1.6.0.tgz",
      "integrity": "sha512-w4pYfpna0b5V2tWmISHQm7IuOlgUuP8TXe2DdVhIYTsVkJF7WkzC6FrA8Rcb69kHQkO7BXNUNld6qigxJ1fKvQ==",
      "license": "MIT"
    },
    "node_modules/tax-tables": {
      "version": "2025.3.0",
      "resolved": "https://npm.taxdata.example/tax-tables/-/tax-tables-2025.3.0.tgz",
      "integrity": "sha512-Q0RraJTjbGIC0Yy7KN7d8pDh7fNVINGIwDKsYPG+xTy0x1m4Um4PgI8t7r+8mKJO+9lt+gGR6bzGKsntvONrdw==",
      "license": "UNLICENSED",
      "dependencies": {
        "csv-lite": "^1.1.0"
      }
    },
    "node_modules/term-color": {
      "version": "2.0.1",
      "resolved": "https://registry.npmjs.org/term-color/-/term-color-2.0.1.tgz",
      "integrity": "sha512-x0+qdTpt/4EXtUzoV5zI5xSUx/v3VLnfeG5Sp/0gKgttSQ3gq0NydF4zJgH6CuLRnGoQdB9a23eRDanoM7n4Cw==",
      "license": "GPL-2.0-only"
    },
    "node_modules/test-runner-x": {
      "version": "5.0.0",
      "resolved": "https://registry.npmjs.org/test-runner-x/-/test-runner-x-5.0.0.tgz",
      "integrity": "sha512-0Vc4WU9RUSbEWkmnKMd/I1Hko3FB+YNiWCYggYRGiaPNFhL5Unn3mrOleeTa6u3QGjnL87lCTlftkk4yjFNWHQ==",
      "dev": true,
      "license": "MIT"
    },
    "node_modules/uuid-gen": {
      "version": "9.0.1",
      "resolved": "https://registry.npmjs.org/uuid-gen/-/uuid-gen-9.0.1.tgz",
      "integrity": "sha512-w0WkaAfRaJDDNxZXTzpkSBTRa9l5CageK/ItE0UUI5I4HKRYPR3Y3LO0g/beSgbCOfgKOEOj/34NIiZDkhGWFw==",
      "license": "MIT"
    },
    "node_modules/web-router": {
      "version": "4.2.1",
      "resolved": "https://registry.npmjs.org/web-router/-/web-router-4.2.1.tgz",
      "integrity": "sha512-EGjkSwJU1nznT2pyTjd32jBE0aU4RvLk1uXdUcYPCKOzrlo0uwxeo+QzGc4uhKXnsqxKEUFjt+PST6d9FmW64g==",
      "license": "MIT",
      "dependencies": {
        "cookie-jar-lite": "~0.6.0",
        "path-match": "^1.0.0"
      }
    },
    "node_modules/yaml-conf": {
      "version": "2.0.4",
      "resolved": "https://registry.npmjs.org/yaml-conf/-/yaml-conf-2.0.4.tgz",
      "integrity": "sha512-wc/HyBCxRESONNz1uO0NPbh2+UfqhnuFcctftDnWuigOOsmBq77iaryIro7gfo5A5Tn2MKz+XKl2C3bahVi93w==",
      "license": "ISC",
      "dependencies": {
        "term-color": "^2.0.0"
      }
    }
  }
}
